
Microsoft Visual Studio Solution File, Format Version 12.00
# Visual Studio 2013
VisualStudioVersion = 12.0.21005.1
MinimumVisualStudioVersion = 10.0.40219.1
Project("{B1E792BE-AA5F-4E3C-8C82-674BF9C0715B}") = "n5TC_03", "n5TC_03\n5TC_03.tsproj", "{5B1E7573-D2E3-456B-A3B0-24179022B51D}"
EndProject
Global
	GlobalSection(SolutionConfigurationPlatforms) = preSolution
		Debug|TwinCAT CE7 (ARMV7) = Debug|TwinCAT CE7 (ARMV7)
		Debug|TwinCAT RT (x64) = Debug|TwinCAT RT (x64)
		Debug|TwinCAT RT (x86) = Debug|TwinCAT RT (x86)
		Release|TwinCAT CE7 (ARMV7) = Release|TwinCAT CE7 (ARMV7)
		Release|TwinCAT RT (x64) = Release|TwinCAT RT (x64)
		Release|TwinCAT RT (x86) = Release|TwinCAT RT (x86)
	EndGlobalSection
	GlobalSection(ProjectConfigurationPlatforms) = postSolution
		{5B1E7573-D2E3-456B-A3B0-24179022B51D}.Debug|TwinCAT CE7 (ARMV7).ActiveCfg = Debug|TwinCAT CE7 (ARMV7)
		{5B1E7573-D2E3-456B-A3B0-24179022B51D}.Debug|TwinCAT CE7 (ARMV7).Build.0 = Debug|TwinCAT CE7 (ARMV7)
		{5B1E7573-D2E3-456B-A3B0-24179022B51D}.Debug|TwinCAT RT (x64).ActiveCfg = Debug|TwinCAT RT (x64)
		{5B1E7573-D2E3-456B-A3B0-24179022B51D}.Debug|TwinCAT RT (x64).Build.0 = Debug|TwinCAT RT (x64)
		{5B1E7573-D2E3-456B-A3B0-24179022B51D}.Debug|TwinCAT RT (x86).ActiveCfg = Debug|TwinCAT RT (x86)
		{5B1E7573-D2E3-456B-A3B0-24179022B51D}.Debug|TwinCAT RT (x86).Build.0 = Debug|TwinCAT RT (x86)
		{5B1E7573-D2E3-456B-A3B0-24179022B51D}.Release|TwinCAT CE7 (ARMV7).ActiveCfg = Release|TwinCAT CE7 (ARMV7)
		{5B1E7573-D2E3-456B-A3B0-24179022B51D}.Release|TwinCAT CE7 (ARMV7).Build.0 = Release|TwinCAT CE7 (ARMV7)
		{5B1E7573-D2E3-456B-A3B0-24179022B51D}.Release|TwinCAT RT (x64).ActiveCfg = Release|TwinCAT RT (x64)
		{5B1E7573-D2E3-456B-A3B0-24179022B51D}.Release|TwinCAT RT (x64).Build.0 = Release|TwinCAT RT (x64)
		{5B1E7573-D2E3-456B-A3B0-24179022B51D}.Release|TwinCAT RT (x86).ActiveCfg = Release|TwinCAT RT (x86)
		{5B1E7573-D2E3-456B-A3B0-24179022B51D}.Release|TwinCAT RT (x86).Build.0 = Release|TwinCAT RT (x86)
		{319B316A-75F3-4454-9B6E-4E97A2694A06}.Debug|TwinCAT CE7 (ARMV7).ActiveCfg = Debug|TwinCAT CE7 (ARMV7)
		{319B316A-75F3-4454-9B6E-4E97A2694A06}.Debug|TwinCAT CE7 (ARMV7).Build.0 = Debug|TwinCAT CE7 (ARMV7)
		{319B316A-75F3-4454-9B6E-4E97A2694A06}.Debug|TwinCAT RT (x64).ActiveCfg = Debug|TwinCAT RT (x64)
		{319B316A-75F3-4454-9B6E-4E97A2694A06}.Debug|TwinCAT RT (x64).Build.0 = Debug|TwinCAT RT (x64)
		{319B316A-75F3-4454-9B6E-4E97A2694A06}.Debug|TwinCAT RT (x86).ActiveCfg = Debug|TwinCAT RT (x86)
		{319B316A-75F3-4454-9B6E-4E97A2694A06}.Debug|TwinCAT RT (x86).Build.0 = Debug|TwinCAT RT (x86)
		{319B316A-75F3-4454-9B6E-4E97A2694A06}.Release|TwinCAT CE7 (ARMV7).ActiveCfg = Release|TwinCAT CE7 (ARMV7)
		{319B316A-75F3-4454-9B6E-4E97A2694A06}.Release|TwinCAT CE7 (ARMV7).Build.0 = Release|TwinCAT CE7 (ARMV7)
		{319B316A-75F3-4454-9B6E-4E97A2694A06}.Release|TwinCAT RT (x64).ActiveCfg = Release|TwinCAT RT (x64)
		{319B316A-75F3-4454-9B6E-4E97A2694A06}.Release|TwinCAT RT (x64).Build.0 = Release|TwinCAT RT (x64)
		{319B316A-75F3-4454-9B6E-4E97A2694A06}.Release|TwinCAT RT (x86).ActiveCfg = Release|TwinCAT RT (x86)
		{319B316A-75F3-4454-9B6E-4E97A2694A06}.Release|TwinCAT RT (x86).Build.0 = Release|TwinCAT RT (x86)
	EndGlobalSection
	GlobalSection(SolutionProperties) = preSolution
		HideSolutionNode = FALSE
	EndGlobalSection
EndGlobal
